PODS:
  - Alamofire (3.2.0)
  - Freddy (2.0.2)
  - RxCocoa (2.1.0):
    - RxSwift (~> 2.0)
  - RxSwift (2.1.0)

DEPENDENCIES:
  - Alamofire (~> 3.0)
  - Freddy
  - RxCocoa (~> 2.0)
  - RxSwift (~> 2.0)

SPEC CHECKSUMS:
  Alamofire: 4da478599fccddff361205c8929333d7fe18dceb
  Freddy: e53713b8d5be02dbf5f4132c44d899d99eb09a6b
  RxCocoa: 79b5feb8378545336e756a0a33fcf5e95050b71c
  RxSwift: 110fb07f81c17c2c3b3254d168363057b1880d18

COCOAPODS: 0.39.0
